
Microsoft Visual Studio Solution File, Format Version 12.00
# Visual Studio Version 16
VisualStudioVersion = 16.0.29519.87
MinimumVisualStudioVersion = 10.0.40219.1
Project("{FAE04EC0-301F-11D3-BF4B-00C04F79EFBC}") = "RedisDemo", "RedisDemo\RedisDemo.csproj", "{3E5E0017-28D4-4D9B-A649-A611811D11F0}"
EndProject
Global
	GlobalSection(SolutionConfigurationPlatforms) = preSolution
		Debug|Any CPU = Debug|Any CPU
		Release|Any CPU = Release|Any CPU
	EndGlobalSection
	GlobalSection(ProjectConfigurationPlatforms) = postSolution
		{3E5E0017-28D4-4D9B-A649-A611811D11F0}.Debug|Any CPU.ActiveCfg = Debug|Any CPU
		{3E5E0017-28D4-4D9B-A649-A611811D11F0}.Debug|Any CPU.Build.0 = Debug|Any CPU
		{3E5E0017-28D4-4D9B-A649-A611811D11F0}.Release|Any CPU.ActiveCfg = Release|Any CPU
		{3E5E0017-28D4-4D9B-A649-A611811D11F0}.Release|Any CPU.Build.0 = Release|Any CPU
	EndGlobalSection
	GlobalSection(SolutionProperties) = preSolution
		HideSolutionNode = FALSE
	EndGlobalSection
	GlobalSection(ExtensibilityGlobals) = postSolution
		SolutionGuid = {0B3C9F85-C605-4B0A-8619-31F0B339581B}
	EndGlobalSection
EndGlobal
